
Microsoft Visual Studio Solution File, Format Version 12.00
# Visual Studio 2012
Project("{FAE04EC0-301F-11D3-BF4B-00C04F79EFBC}") = "PinboardConsoleApp", "PinboardConsoleApp\PinboardConsoleApp.csproj", "{FB0C3CFB-7F75-4424-8A8A-84DC1C556E8E}"
EndProject
Project("{2150E333-8FDC-42A3-9474-1A3956D46DE8}") = "Solution Items", "Solution Items", "{D3BFAA38-BD19-49C8-B310-9CCDB152631C}"
	ProjectSection(SolutionItems) = preProject
		Local.testsettings = Local.testsettings
		PinboardConsoleApp.vsmdi = PinboardConsoleApp.vsmdi
		TraceAndTestImpact.testsettings = TraceAndTestImpact.testsettings
	EndProjectSection
EndProject
Project("{FAE04EC0-301F-11D3-BF4B-00C04F79EFBC}") = "PinboardDomain", "PinboardDomain\PinboardDomain.csproj", "{99375E2A-B094-431C-81D8-4F3BE4ACEDEE}"
EndProject
Project("{FAE04EC0-301F-11D3-BF4B-00C04F79EFBC}") = "Pinboard8", "Pinboard8\Pinboard8.csproj", "{9E7FBA1E-0022-4986-9C12-D994B4F4E0D2}"
EndProject
Global
	GlobalSection(TestCaseManagementSettings) = postSolution
		CategoryFile = PinboardConsoleApp.vsmdi
	EndGlobalSection
	GlobalSection(SolutionConfigurationPlatforms) = preSolution
		Debug|Any CPU = Debug|Any CPU
		Debug|ARM = Debug|ARM
		Debug|Mixed Platforms = Debug|Mixed Platforms
		Debug|x64 = Debug|x64
		Debug|x86 = Debug|x86
		Release|Any CPU = Release|Any CPU
		Release|ARM = Release|ARM
		Release|Mixed Platforms = Release|Mixed Platforms
		Release|x64 = Release|x64
		Release|x86 = Release|x86
	EndGlobalSection
	GlobalSection(ProjectConfigurationPlatforms) = postSolution
		{FB0C3CFB-7F75-4424-8A8A-84DC1C556E8E}.Debug|Any CPU.ActiveCfg = Debug|x86
		{FB0C3CFB-7F75-4424-8A8A-84DC1C556E8E}.Debug|ARM.ActiveCfg = Debug|x86
		{FB0C3CFB-7F75-4424-8A8A-84DC1C556E8E}.Debug|Mixed Platforms.ActiveCfg = Debug|x86
		{FB0C3CFB-7F75-4424-8A8A-84DC1C556E8E}.Debug|Mixed Platforms.Build.0 = Debug|x86
		{FB0C3CFB-7F75-4424-8A8A-84DC1C556E8E}.Debug|x64.ActiveCfg = Debug|x86
		{FB0C3CFB-7F75-4424-8A8A-84DC1C556E8E}.Debug|x86.ActiveCfg = Debug|x86
		{FB0C3CFB-7F75-4424-8A8A-84DC1C556E8E}.Debug|x86.Build.0 = Debug|x86
		{FB0C3CFB-7F75-4424-8A8A-84DC1C556E8E}.Release|Any CPU.ActiveCfg = Release|x86
		{FB0C3CFB-7F75-4424-8A8A-84DC1C556E8E}.Release|ARM.ActiveCfg = Release|x86
		{FB0C3CFB-7F75-4424-8A8A-84DC1C556E8E}.Release|Mixed Platforms.ActiveCfg = Release|x86
		{FB0C3CFB-7F75-4424-8A8A-84DC1C556E8E}.Release|Mixed Platforms.Build.0 = Release|x86
		{FB0C3CFB-7F75-4424-8A8A-84DC1C556E8E}.Release|x64.ActiveCfg = Release|x86
		{FB0C3CFB-7F75-4424-8A8A-84DC1C556E8E}.Release|x86.ActiveCfg = Release|x86
		{FB0C3CFB-7F75-4424-8A8A-84DC1C556E8E}.Release|x86.Build.0 = Release|x86
		{99375E2A-B094-431C-81D8-4F3BE4ACEDEE}.Debug|Any CPU.ActiveCfg = Debug|Any CPU
		{99375E2A-B094-431C-81D8-4F3BE4ACEDEE}.Debug|Any CPU.Build.0 = Debug|Any CPU
		{99375E2A-B094-431C-81D8-4F3BE4ACEDEE}.Debug|ARM.ActiveCfg = Debug|Any CPU
		{99375E2A-B094-431C-81D8-4F3BE4ACEDEE}.Debug|Mixed Platforms.ActiveCfg = Debug|Any CPU
		{99375E2A-B094-431C-81D8-4F3BE4ACEDEE}.Debug|Mixed Platforms.Build.0 = Debug|Any CPU
		{99375E2A-B094-431C-81D8-4F3BE4ACEDEE}.Debug|x64.ActiveCfg = Debug|Any CPU
		{99375E2A-B094-431C-81D8-4F3BE4ACEDEE}.Debug|x86.ActiveCfg = Debug|Any CPU
		{99375E2A-B094-431C-81D8-4F3BE4ACEDEE}.Release|Any CPU.ActiveCfg = Release|Any CPU
		{99375E2A-B094-431C-81D8-4F3BE4ACEDEE}.Release|Any CPU.Build.0 = Release|Any CPU
		{99375E2A-B094-431C-81D8-4F3BE4ACEDEE}.Release|ARM.ActiveCfg = Release|Any CPU
		{99375E2A-B094-431C-81D8-4F3BE4ACEDEE}.Release|Mixed Platforms.ActiveCfg = Release|Any CPU
		{99375E2A-B094-431C-81D8-4F3BE4ACEDEE}.Release|Mixed Platforms.Build.0 = Release|Any CPU
		{99375E2A-B094-431C-81D8-4F3BE4ACEDEE}.Release|x64.ActiveCfg = Release|Any CPU
		{99375E2A-B094-431C-81D8-4F3BE4ACEDEE}.Release|x86.ActiveCfg = Release|Any CPU
		{9E7FBA1E-0022-4986-9C12-D994B4F4E0D2}.Debug|Any CPU.ActiveCfg = Debug|Any CPU
		{9E7FBA1E-0022-4986-9C12-D994B4F4E0D2}.Debug|Any CPU.Build.0 = Debug|Any CPU
		{9E7FBA1E-0022-4986-9C12-D994B4F4E0D2}.Debug|Any CPU.Deploy.0 = Debug|Any CPU
		{9E7FBA1E-0022-4986-9C12-D994B4F4E0D2}.Debug|ARM.ActiveCfg = Debug|ARM
		{9E7FBA1E-0022-4986-9C12-D994B4F4E0D2}.Debug|ARM.Build.0 = Debug|ARM
		{9E7FBA1E-0022-4986-9C12-D994B4F4E0D2}.Debug|ARM.Deploy.0 = Debug|ARM
		{9E7FBA1E-0022-4986-9C12-D994B4F4E0D2}.Debug|Mixed Platforms.ActiveCfg = Debug|x86
		{9E7FBA1E-0022-4986-9C12-D994B4F4E0D2}.Debug|Mixed Platforms.Build.0 = Debug|x86
		{9E7FBA1E-0022-4986-9C12-D994B4F4E0D2}.Debug|Mixed Platforms.Deploy.0 = Debug|x86
		{9E7FBA1E-0022-4986-9C12-D994B4F4E0D2}.Debug|x64.ActiveCfg = Debug|x64
		{9E7FBA1E-0022-4986-9C12-D994B4F4E0D2}.Debug|x64.Build.0 = Debug|x64
		{9E7FBA1E-0022-4986-9C12-D994B4F4E0D2}.Debug|x64.Deploy.0 = Debug|x64
		{9E7FBA1E-0022-4986-9C12-D994B4F4E0D2}.Debug|x86.ActiveCfg = Debug|x86
		{9E7FBA1E-0022-4986-9C12-D994B4F4E0D2}.Debug|x86.Build.0 = Debug|x86
		{9E7FBA1E-0022-4986-9C12-D994B4F4E0D2}.Debug|x86.Deploy.0 = Debug|x86
		{9E7FBA1E-0022-4986-9C12-D994B4F4E0D2}.Release|Any CPU.ActiveCfg = Release|Any CPU
		{9E7FBA1E-0022-4986-9C12-D994B4F4E0D2}.Release|Any CPU.Build.0 = Release|Any CPU
		{9E7FBA1E-0022-4986-9C12-D994B4F4E0D2}.Release|Any CPU.Deploy.0 = Release|Any CPU
		{9E7FBA1E-0022-4986-9C12-D994B4F4E0D2}.Release|ARM.ActiveCfg = Release|ARM
		{9E7FBA1E-0022-4986-9C12-D994B4F4E0D2}.Release|ARM.Build.0 = Release|ARM
		{9E7FBA1E-0022-4986-9C12-D994B4F4E0D2}.Release|ARM.Deploy.0 = Release|ARM
		{9E7FBA1E-0022-4986-9C12-D994B4F4E0D2}.Release|Mixed Platforms.ActiveCfg = Release|x86
		{9E7FBA1E-0022-4986-9C12-D994B4F4E0D2}.Release|Mixed Platforms.Build.0 = Release|x86
		{9E7FBA1E-0022-4986-9C12-D994B4F4E0D2}.Release|Mixed Platforms.Deploy.0 = Release|x86
		{9E7FBA1E-0022-4986-9C12-D994B4F4E0D2}.Release|x64.ActiveCfg = Release|x64
		{9E7FBA1E-0022-4986-9C12-D994B4F4E0D2}.Release|x64.Build.0 = Release|x64
		{9E7FBA1E-0022-4986-9C12-D994B4F4E0D2}.Release|x64.Deploy.0 = Release|x64
		{9E7FBA1E-0022-4986-9C12-D994B4F4E0D2}.Release|x86.ActiveCfg = Release|x86
		{9E7FBA1E-0022-4986-9C12-D994B4F4E0D2}.Release|x86.Build.0 = Release|x86
		{9E7FBA1E-0022-4986-9C12-D994B4F4E0D2}.Release|x86.Deploy.0 = Release|x86
	EndGlobalSection
	GlobalSection(SolutionProperties) = preSolution
		HideSolutionNode = FALSE
	EndGlobalSection
EndGlobal
